// !$*UTF8*$!
{
	archiveVersion = 1;
	classes = {
	};
	objectVersion = 48;
	objects = {

/* Begin PBXBuildFile section */
		1F2FC423F8B4D9A8455ADA45 /* Pods_catchBus.framework in Frameworks */ = {isa = PBXBuildFile; fileRef = F994D50585B094FACC7787A6 /* Pods_catchBus.framework */; };
		F8287F88209F76550017060E /* FavouriteBuses.swift in Sources */ = {isa = PBXBuildFile; fileRef = F8287F87209F76550017060E /* FavouriteBuses.swift */; };
		F8287F8A209FAF920017060E /* FavouritesViewController.swift in Sources */ = {isa = PBXBuildFile; fileRef = F8287F89209FAF920017060E /* FavouritesViewController.swift */; };
		F8287F8E209FB76E0017060E /* busInfoCell.xib in Resources */ = {isa = PBXBuildFile; fileRef = F8287F8D209FB76E0017060E /* busInfoCell.xib */; };
		F83BE22C2068626A009B4F9D /* AppDelegate.swift in Sources */ = {isa = PBXBuildFile; fileRef = F83BE22B2068626A009B4F9D /* AppDelegate.swift */; };
		F83BE22E2068626A009B4F9D /* ViewController.swift in Sources */ = {isa = PBXBuildFile; fileRef = F83BE22D2068626A009B4F9D /* ViewController.swift */; };
		F83BE2312068626A009B4F9D /* Main.storyboard in Resources */ = {isa = PBXBuildFile; fileRef = F83BE22F2068626A009B4F9D /* Main.storyboard */; };
		F83BE2332068626A009B4F9D /* Assets.xcassets in Resources */ = {isa = PBXBuildFile; fileRef = F83BE2322068626A009B4F9D /* Assets.xcassets */; };
		F83BE2362068626A009B4F9D /* LaunchScreen.storyboard in Resources */ = {isa = PBXBuildFile; fileRef = F83BE2342068626A009B4F9D /* LaunchScreen.storyboard */; };
		F85EB88120B91159009CC397 /* Stop.swift in Sources */ = {isa = PBXBuildFile; fileRef = F85EB88020B91159009CC397 /* Stop.swift */; };
		F85EB88620B92785009CC397 /* FavBusInfo.swift in Sources */ = {isa = PBXBuildFile; fileRef = F85EB88520B92784009CC397 /* FavBusInfo.swift */; };
		F870DEAB20CCD45800CC37D0 /* HelpViewController.swift in Sources */ = {isa = PBXBuildFile; fileRef = F870DEAA20CCD45800CC37D0 /* HelpViewController.swift */; };
		F8DB931620B6501900DFAB1C /* SearchViewController.swift in Sources */ = {isa = PBXBuildFile; fileRef = F8DB931520B6501900DFAB1C /* SearchViewController.swift */; };
		F8E5CB4B206ECAFE007E5820 /* CoreLocation.framework in Frameworks */ = {isa = PBXBuildFile; fileRef = F8E5CB4A206ECAFE007E5820 /* CoreLocation.framework */; };
		F8E62E2F209E73D000B6505B /* stops.json in Resources */ = {isa = PBXBuildFile; fileRef = F8E62E2D209E734D00B6505B /* stops.json */; };
		F8F231AD2079CCA800082636 /* busInfoCell.swift in Sources */ = {isa = PBXBuildFile; fileRef = F8F231AC2079CCA800082636 /* busInfoCell.swift */; };
		F8F231AE2079CD4900082636 /* BusInfo.swift in Sources */ = {isa = PBXBuildFile; fileRef = F8C8E287206B26A100520784 /* BusInfo.swift */; };
		F8F231AF2079CFD000082636 /* DataService.swift in Sources */ = {isa = PBXBuildFile; fileRef = F89CFD93206DC4A600B9ACC8 /* DataService.swift */; };
		F8FAA6E520BA19B800DD5784 /* StopCell.swift in Sources */ = {isa = PBXBuildFile; fileRef = F8FAA6E420BA19B800DD5784 /* StopCell.swift */; };
		F8FAA6E720BA2C2100DD5784 /* StopDetailsViewController.swift in Sources */ = {isa = PBXBuildFile; fileRef = F8FAA6E620BA2C2100DD5784 /* StopDetailsViewController.swift */; };
/* End PBXBuildFile section */

/* Begin PBXCopyFilesBuildPhase section */
		F83BE2612068626B009B4F9D /* Embed Watch Content */ = {
			isa = PBXCopyFilesBuildPhase;
			buildActionMask = 2147483647;
			dstPath = "$(CONTENTS_FOLDER_PATH)/Watch";
			dstSubfolderSpec = 16;
			files = (
			);
			name = "Embed Watch Content";
			runOnlyForDeploymentPostprocessing = 0;
		};
/* End PBXCopyFilesBuildPhase section */

/* Begin PBXFileReference section */
		0A4A8A19F061E580A45FA7D7 /* Pods_catchBus_WatchKit_Extension.framework */ = {isa = PBXFileReference; explicitFileType = wrapper.framework; includeInIndex = 0; path = Pods_catchBus_WatchKit_Extension.framework; sourceTree = BUILT_PRODUCTS_DIR; };
		1632AAE689B614BD350E4634 /* Pods-catchBus.debug.xcconfig */ = {isa = PBXFileReference; includeInIndex = 1; lastKnownFileType = text.xcconfig; name = "Pods-catchBus.debug.xcconfig"; path = "Pods/Target Support Files/Pods-catchBus/Pods-catchBus.debug.xcconfig"; sourceTree = "<group>"; };
		56D8E80961207400ED159CA5 /* Pods-catchBus WatchKit Extension.release.xcconfig */ = {isa = PBXFileReference; includeInIndex = 1; lastKnownFileType = text.xcconfig; name = "Pods-catchBus WatchKit Extension.release.xcconfig"; path = "Pods/Target Support Files/Pods-catchBus WatchKit Extension/Pods-catchBus WatchKit Extension.release.xcconfig"; sourceTree = "<group>"; };
		7F1743301390B5AA57724506 /* Pods-catchBus.release.xcconfig */ = {isa = PBXFileReference; includeInIndex = 1; lastKnownFileType = text.xcconfig; name = "Pods-catchBus.release.xcconfig"; path = "Pods/Target Support Files/Pods-catchBus/Pods-catchBus.release.xcconfig"; sourceTree = "<group>"; };
		84F63A1C1DDD1CD4A72B26A2 /* Pods-catchBus WatchKit Extension.debug.xcconfig */ = {isa = PBXFileReference; includeInIndex = 1; lastKnownFileType = text.xcconfig; name = "Pods-catchBus WatchKit Extension.debug.xcconfig"; path = "Pods/Target Support Files/Pods-catchBus WatchKit Extension/Pods-catchBus WatchKit Extension.debug.xcconfig"; sourceTree = "<group>"; };
		F8287F87209F76550017060E /* FavouriteBuses.swift */ = {isa = PBXFileReference; lastKnownFileType = sourcecode.swift; path = FavouriteBuses.swift; sourceTree = "<group>"; };
		F8287F89209FAF920017060E /* FavouritesViewController.swift */ = {isa = PBXFileReference; lastKnownFileType = sourcecode.swift; path = FavouritesViewController.swift; sourceTree = "<group>"; };
		F8287F8D209FB76E0017060E /* busInfoCell.xib */ = {isa = PBXFileReference; lastKnownFileType = file.xib; path = busInfoCell.xib; sourceTree = "<group>"; };
		F83BE2282068626A009B4F9D /* catchBus.app */ = {isa = PBXFileReference; explicitFileType = wrapper.application; includeInIndex = 0; path = catchBus.app; sourceTree = BUILT_PRODUCTS_DIR; };
		F83BE22B2068626A009B4F9D /* AppDelegate.swift */ = {isa = PBXFileReference; lastKnownFileType = sourcecode.swift; path = AppDelegate.swift; sourceTree = "<group>"; };
		F83BE22D2068626A009B4F9D /* ViewController.swift */ = {isa = PBXFileReference; lastKnownFileType = sourcecode.swift; path = ViewController.swift; sourceTree = "<group>"; };
		F83BE2302068626A009B4F9D /* Base */ = {isa = PBXFileReference; lastKnownFileType = file.storyboard; name = Base; path = Base.lproj/Main.storyboard; sourceTree = "<group>"; };
		F83BE2322068626A009B4F9D /* Assets.xcassets */ = {isa = PBXFileReference; lastKnownFileType = folder.assetcatalog; path = Assets.xcassets; sourceTree = "<group>"; };
		F83BE2352068626A009B4F9D /* Base */ = {isa = PBXFileReference; lastKnownFileType = file.storyboard; name = Base; path = Base.lproj/LaunchScreen.storyboard; sourceTree = "<group>"; };
		F83BE2372068626A009B4F9D /* Info.plist */ = {isa = PBXFileReference; lastKnownFileType = text.plist.xml; path = Info.plist; sourceTree = "<group>"; };
		F85EB88020B91159009CC397 /* Stop.swift */ = {isa = PBXFileReference; lastKnownFileType = sourcecode.swift; path = Stop.swift; sourceTree = "<group>"; };
		F85EB88520B92784009CC397 /* FavBusInfo.swift */ = {isa = PBXFileReference; lastKnownFileType = sourcecode.swift; path = FavBusInfo.swift; sourceTree = "<group>"; };
		F870DEAA20CCD45800CC37D0 /* HelpViewController.swift */ = {isa = PBXFileReference; lastKnownFileType = sourcecode.swift; path = HelpViewController.swift; sourceTree = "<group>"; };
		F89CFD93206DC4A600B9ACC8 /* DataService.swift */ = {isa = PBXFileReference; lastKnownFileType = sourcecode.swift; path = DataService.swift; sourceTree = "<group>"; };
		F8C8E287206B26A100520784 /* BusInfo.swift */ = {isa = PBXFileReference; lastKnownFileType = sourcecode.swift; path = BusInfo.swift; sourceTree = "<group>"; };
		F8DB931520B6501900DFAB1C /* SearchViewController.swift */ = {isa = PBXFileReference; lastKnownFileType = sourcecode.swift; name = SearchViewController.swift; path = catchBus/Controller/SearchViewController.swift; sourceTree = SOURCE_ROOT; };
		F8E5CB4A206ECAFE007E5820 /* CoreLocation.framework */ = {isa = PBXFileReference; lastKnownFileType = wrapper.framework; name = CoreLocation.framework; path = System/Library/Frameworks/CoreLocation.framework; sourceTree = SDKROOT; };
		F8E62E2D209E734D00B6505B /* stops.json */ = {isa = PBXFileReference; fileEncoding = 4; lastKnownFileType = text.json; path = stops.json; sourceTree = "<group>"; };
		F8F231AC2079CCA800082636 /* busInfoCell.swift */ = {isa = PBXFileReference; lastKnownFileType = sourcecode.swift; path = busInfoCell.swift; sourceTree = "<group>"; };
		F8FAA6E420BA19B800DD5784 /* StopCell.swift */ = {isa = PBXFileReference; lastKnownFileType = sourcecode.swift; path = StopCell.swift; sourceTree = "<group>"; };
		F8FAA6E620BA2C2100DD5784 /* StopDetailsViewController.swift */ = {isa = PBXFileReference; lastKnownFileType = sourcecode.swift; path = StopDetailsViewController.swift; sourceTree = "<group>"; };
		F994D50585B094FACC7787A6 /* Pods_catchBus.framework */ = {isa = PBXFileReference; explicitFileType = wrapper.framework; includeInIndex = 0; path = Pods_catchBus.framework; sourceTree = BUILT_PRODUCTS_DIR; };
/* End PBXFileReference section */

/* Begin PBXFrameworksBuildPhase section */
		F83BE2252068626A009B4F9D /* Frameworks */ = {
			isa = PBXFrameworksBuildPhase;
			buildActionMask = 2147483647;
			files = (
				F8E5CB4B206ECAFE007E5820 /* CoreLocation.framework in Frameworks */,
				1F2FC423F8B4D9A8455ADA45 /* Pods_catchBus.framework in Frameworks */,
			);
			runOnlyForDeploymentPostprocessing = 0;
		};
/* End PBXFrameworksBuildPhase section */

/* Begin PBXGroup section */
		CF2BE93EB3387662F963C740 /* Frameworks */ = {
			isa = PBXGroup;
			children = (
				F8E5CB4A206ECAFE007E5820 /* CoreLocation.framework */,
				0A4A8A19F061E580A45FA7D7 /* Pods_catchBus_WatchKit_Extension.framework */,
				F994D50585B094FACC7787A6 /* Pods_catchBus.framework */,
			);
			name = Frameworks;
			sourceTree = "<group>";
		};
		F83BE21F2068626A009B4F9D = {
			isa = PBXGroup;
			children = (
				F83BE22A2068626A009B4F9D /* catchBus */,
				F83BE2292068626A009B4F9D /* Products */,
				FC3388BF361381615703C8ED /* Pods */,
				CF2BE93EB3387662F963C740 /* Frameworks */,
			);
			sourceTree = "<group>";
		};
		F83BE2292068626A009B4F9D /* Products */ = {
			isa = PBXGroup;
			children = (
				F83BE2282068626A009B4F9D /* catchBus.app */,
			);
			name = Products;
			sourceTree = "<group>";
		};
		F83BE22A2068626A009B4F9D /* catchBus */ = {
			isa = PBXGroup;
			children = (
				F8DB931320B6404D00DFAB1C /* Service */,
				F8DB931220B6400600DFAB1C /* Controller */,
				F8DB931120B63FFF00DFAB1C /* Model */,
				F8DB931020B63FF900DFAB1C /* View */,
				F83BE22B2068626A009B4F9D /* AppDelegate.swift */,
				F83BE22F2068626A009B4F9D /* Main.storyboard */,
				F83BE2322068626A009B4F9D /* Assets.xcassets */,
				F83BE2342068626A009B4F9D /* LaunchScreen.storyboard */,
				F83BE2372068626A009B4F9D /* Info.plist */,
			);
			path = catchBus;
			sourceTree = "<group>";
		};
		F8DB931020B63FF900DFAB1C /* View */ = {
			isa = PBXGroup;
			children = (
				F8F231AC2079CCA800082636 /* busInfoCell.swift */,
				F8287F8D209FB76E0017060E /* busInfoCell.xib */,
				F8FAA6E420BA19B800DD5784 /* StopCell.swift */,
			);
			path = View;
			sourceTree = "<group>";
		};
		F8DB931120B63FFF00DFAB1C /* Model */ = {
			isa = PBXGroup;
			children = (
				F8287F87209F76550017060E /* FavouriteBuses.swift */,
				F8C8E287206B26A100520784 /* BusInfo.swift */,
				F85EB88020B91159009CC397 /* Stop.swift */,
				F85EB88520B92784009CC397 /* FavBusInfo.swift */,
			);
			path = Model;
			sourceTree = "<group>";
		};
		F8DB931220B6400600DFAB1C /* Controller */ = {
			isa = PBXGroup;
			children = (
				F83BE22D2068626A009B4F9D /* ViewController.swift */,
				F8287F89209FAF920017060E /* FavouritesViewController.swift */,
				F8DB931520B6501900DFAB1C /* SearchViewController.swift */,
				F8FAA6E620BA2C2100DD5784 /* StopDetailsViewController.swift */,
				F870DEAA20CCD45800CC37D0 /* HelpViewController.swift */,
			);
			name = Controller;
			path = "New Group";
			sourceTree = "<group>";
		};
		F8DB931320B6404D00DFAB1C /* Service */ = {
			isa = PBXGroup;
			children = (
				F89CFD93206DC4A600B9ACC8 /* DataService.swift */,
				F8E62E2D209E734D00B6505B /* stops.json */,
			);
			path = Service;
			sourceTree = "<group>";
		};
		FC3388BF361381615703C8ED /* Pods */ = {
			isa = PBXGroup;
			children = (
				84F63A1C1DDD1CD4A72B26A2 /* Pods-catchBus WatchKit Extension.debug.xcconfig */,
				56D8E80961207400ED159CA5 /* Pods-catchBus WatchKit Extension.release.xcconfig */,
				1632AAE689B614BD350E4634 /* Pods-catchBus.debug.xcconfig */,
				7F1743301390B5AA57724506 /* Pods-catchBus.release.xcconfig */,
			);
			name = Pods;
			sourceTree = "<group>";
		};
/* End PBXGroup section */

/* Begin PBXNativeTarget section */
		F83BE2272068626A009B4F9D /* catchBus */ = {
			isa = PBXNativeTarget;
			buildConfigurationList = F83BE2622068626B009B4F9D /* Build configuration list for PBXNativeTarget "catchBus" */;
			buildPhases = (
				A5AC19BF79BACD3A1BF22105 /* [CP] Check Pods Manifest.lock */,
				F83BE2242068626A009B4F9D /* Sources */,
				F83BE2252068626A009B4F9D /* Frameworks */,
				F83BE2262068626A009B4F9D /* Resources */,
				F83BE2612068626B009B4F9D /* Embed Watch Content */,
				1C5A256FE345E4B0CF2C1737 /* [CP] Embed Pods Frameworks */,
				952C5A6BDB2FA8F897EB5F30 /* [CP] Copy Pods Resources */,
			);
			buildRules = (
			);
			dependencies = (
			);
			name = catchBus;
			productName = catchBus;
			productReference = F83BE2282068626A009B4F9D /* catchBus.app */;
			productType = "com.apple.product-type.application";
		};
/* End PBXNativeTarget section */

/* Begin PBXProject section */
		F83BE2202068626A009B4F9D /* Project object */ = {
			isa = PBXProject;
			attributes = {
				LastSwiftUpdateCheck = 0920;
				LastUpgradeCheck = 0930;
				ORGANIZATIONNAME = "Khadim Mbaye";
				TargetAttributes = {
					F83BE2272068626A009B4F9D = {
						CreatedOnToolsVersion = 9.2;
						ProvisioningStyle = Automatic;
					};
				};
			};
			buildConfigurationList = F83BE2232068626A009B4F9D /* Build configuration list for PBXProject "catchBus" */;
			compatibilityVersion = "Xcode 8.0";
			developmentRegion = en;
			hasScannedForEncodings = 0;
			knownRegions = (
				en,
				Base,
			);
			mainGroup = F83BE21F2068626A009B4F9D;
			productRefGroup = F83BE2292068626A009B4F9D /* Products */;
			projectDirPath = "";
			projectRoot = "";
			targets = (
				F83BE2272068626A009B4F9D /* catchBus */,
			);
		};
/* End PBXProject section */

/* Begin PBXResourcesBuildPhase section */
		F83BE2262068626A009B4F9D /* Resources */ = {
			isa = PBXResourcesBuildPhase;
			buildActionMask = 2147483647;
			files = (
				F83BE2362068626A009B4F9D /* LaunchScreen.storyboard in Resources */,
				F83BE2332068626A009B4F9D /* Assets.xcassets in Resources */,
				F8287F8E209FB76E0017060E /* busInfoCell.xib in Resources */,
				F83BE2312068626A009B4F9D /* Main.storyboard in Resources */,
				F8E62E2F209E73D000B6505B /* stops.json in Resources */,
			);
			runOnlyForDeploymentPostprocessing = 0;
		};
/* End PBXResourcesBuildPhase section */

/* Begin PBXShellScriptBuildPhase section */
		1C5A256FE345E4B0CF2C1737 /* [CP] Embed Pods Frameworks */ = {
			isa = PBXShellScriptBuildPhase;
			buildActionMask = 2147483647;
			files = (
			);
			inputPaths = (
				"${SRCROOT}/Pods/Target Support Files/Pods-catchBus/Pods-catchBus-frameworks.sh",
				"${BUILT_PRODUCTS_DIR}/SwiftyJSON-iOS/SwiftyJSON.framework",
			);
			name = "[CP] Embed Pods Frameworks";
			outputPaths = (
				"${TARGET_BUILD_DIR}/${FRAMEWORKS_FOLDER_PATH}/SwiftyJSON.framework",
			);
			runOnlyForDeploymentPostprocessing = 0;
			shellPath = /bin/sh;
			shellScript = "\"${SRCROOT}/Pods/Target Support Files/Pods-catchBus/Pods-catchBus-frameworks.sh\"\n";
			showEnvVarsInLog = 0;
		};
		952C5A6BDB2FA8F897EB5F30 /* [CP] Copy Pods Resources */ = {
			isa = PBXShellScriptBuildPhase;
			buildActionMask = 2147483647;
			files = (
			);
			inputPaths = (
			);
			name = "[CP] Copy Pods Resources";
			outputPaths = (
			);
			runOnlyForDeploymentPostprocessing = 0;
			shellPath = /bin/sh;
			shellScript = "\"${SRCROOT}/Pods/Target Support Files/Pods-catchBus/Pods-catchBus-resources.sh\"\n";
			showEnvVarsInLog = 0;
		};
		A5AC19BF79BACD3A1BF22105 /* [CP] Check Pods Manifest.lock */ = {
			isa = PBXShellScriptBuildPhase;
			buildActionMask = 2147483647;
			files = (
			);
			inputPaths = (
				"${PODS_PODFILE_DIR_PATH}/Podfile.lock",
				"${PODS_ROOT}/Manifest.lock",
			);
			name = "[CP] Check Pods Manifest.lock";
			outputPaths = (
				"$(DERIVED_FILE_DIR)/Pods-catchBus-checkManifestLockResult.txt",
			);
			runOnlyForDeploymentPostprocessing = 0;
			shellPath = /bin/sh;
			shellScript = "diff \"${PODS_PODFILE_DIR_PATH}/Podfile.lock\" \"${PODS_ROOT}/Manifest.lock\" > /dev/null\nif [ $? != 0 ] ; then\n    # print error to STDERR\n    echo \"error: The sandbox is not in sync with the Podfile.lock. Run 'pod install' or update your CocoaPods installation.\" >&2\n    exit 1\nfi\n# This output is used by Xcode 'outputs' to avoid re-running this script phase.\necho \"SUCCESS\" > \"${SCRIPT_OUTPUT_FILE_0}\"\n";
			showEnvVarsInLog = 0;
		};
/* End PBXShellScriptBuildPhase section */

/* Begin PBXSourcesBuildPhase section */
		F83BE2242068626A009B4F9D /* Sources */ = {
			isa = PBXSourcesBuildPhase;
			buildActionMask = 2147483647;
			files = (
				F8DB931620B6501900DFAB1C /* SearchViewController.swift in Sources */,
				F8287F8A209FAF920017060E /* FavouritesViewController.swift in Sources */,
				F85EB88620B92785009CC397 /* FavBusInfo.swift in Sources */,
				F83BE22E2068626A009B4F9D /* ViewController.swift in Sources */,
				F8FAA6E720BA2C2100DD5784 /* StopDetailsViewController.swift in Sources */,
				F8287F88209F76550017060E /* FavouriteBuses.swift in Sources */,
				F83BE22C2068626A009B4F9D /* AppDelegate.swift in Sources */,
				F870DEAB20CCD45800CC37D0 /* HelpViewController.swift in Sources */,
				F8F231AE2079CD4900082636 /* BusInfo.swift in Sources */,
				F85EB88120B91159009CC397 /* Stop.swift in Sources */,
				F8F231AD2079CCA800082636 /* busInfoCell.swift in Sources */,
				F8F231AF2079CFD000082636 /* DataService.swift in Sources */,
				F8FAA6E520BA19B800DD5784 /* StopCell.swift in Sources */,
			);
			runOnlyForDeploymentPostprocessing = 0;
		};
/* End PBXSourcesBuildPhase section */

/* Begin PBXVariantGroup section */
		F83BE22F2068626A009B4F9D /* Main.storyboard */ = {
			isa = PBXVariantGroup;
			children = (
				F83BE2302068626A009B4F9D /* Base */,
			);
			name = Main.storyboard;
			sourceTree = "<group>";
		};
		F83BE2342068626A009B4F9D /* LaunchScreen.storyboard */ = {
			isa = PBXVariantGroup;
			children = (
				F83BE2352068626A009B4F9D /* Base */,
			);
			name = LaunchScreen.storyboard;
			sourceTree = "<group>";
		};
/* End PBXVariantGroup section */

/* Begin XCBuildConfiguration section */
		F83BE2582068626B009B4F9D /* Debug */ = {
			isa = XCBuildConfiguration;
			buildSettings = {
				ALWAYS_SEARCH_USER_PATHS = NO;
				CLANG_ANALYZER_NONNULL = YES;
				CLANG_ANALYZER_NUMBER_OBJECT_CONVERSION = YES_AGGRESSIVE;
				CLANG_CXX_LANGUAGE_STANDARD = "gnu++14";
				CLANG_CXX_LIBRARY = "libc++";
				CLANG_ENABLE_MODULES = YES;
				CLANG_ENABLE_OBJC_ARC = YES;
				CLANG_WARN_BLOCK_CAPTURE_AUTORELEASING = YES;
				CLANG_WARN_BOOL_CONVERSION = YES;
				CLANG_WARN_COMMA = YES;
				CLANG_WARN_CONSTANT_CONVERSION = YES;
				CLANG_WARN_DEPRECATED_OBJC_IMPLEMENTATIONS = YES;
				CLANG_WARN_DIRECT_OBJC_ISA_USAGE = YES_ERROR;
				CLANG_WARN_DOCUMENTATION_COMMENTS = YES;
				CLANG_WARN_EMPTY_BODY = YES;
				CLANG_WARN_ENUM_CONVERSION = YES;
				CLANG_WARN_INFINITE_RECURSION = YES;
				CLANG_WARN_INT_CONVERSION = YES;
				CLANG_WARN_NON_LITERAL_NULL_CONVERSION = YES;
				CLANG_WARN_OBJC_IMPLICIT_RETAIN_SELF = YES;
				CLANG_WARN_OBJC_LITERAL_CONVERSION = YES;
				CLANG_WARN_OBJC_ROOT_CLASS = YES_ERROR;
				CLANG_WARN_RANGE_LOOP_ANALYSIS = YES;
				CLANG_WARN_STRICT_PROTOTYPES = YES;
				CLANG_WARN_SUSPICIOUS_MOVE = YES;
				CLANG_WARN_UNGUARDED_AVAILABILITY = YES_AGGRESSIVE;
				CLANG_WARN_UNREACHABLE_CODE = YES;
				CLANG_WARN__DUPLICATE_METHOD_MATCH = YES;
				CODE_SIGN_IDENTITY = "iPhone Developer";
				COPY_PHASE_STRIP = NO;
				DEBUG_INFORMATION_FORMAT = dwarf;
				ENABLE_STRICT_OBJC_MSGSEND = YES;
				ENABLE_TESTABILITY = YES;
				GCC_C_LANGUAGE_STANDARD = gnu11;
				GCC_DYNAMIC_NO_PIC = NO;
				GCC_NO_COMMON_BLOCKS = YES;
				GCC_OPTIMIZATION_LEVEL = 0;
				GCC_PREPROCESSOR_DEFINITIONS = (
					"DEBUG=1",
					"$(inherited)",
				);
				GCC_WARN_64_TO_32_BIT_CONVERSION = YES;
				GCC_WARN_ABOUT_RETURN_TYPE = YES_ERROR;
				GCC_WARN_UNDECLARED_SELECTOR = YES;
				GCC_WARN_UNINITIALIZED_AUTOS = YES_AGGRESSIVE;
				GCC_WARN_UNUSED_FUNCTION = YES;
				GCC_WARN_UNUSED_VARIABLE = YES;
				IPHONEOS_DEPLOYMENT_TARGET = 11.2;
				MTL_ENABLE_DEBUG_INFO = YES;
				ONLY_ACTIVE_ARCH = YES;
				SDKROOT = iphoneos;
				SWIFT_ACTIVE_COMPILATION_CONDITIONS = DEBUG;
				SWIFT_OPTIMIZATION_LEVEL = "-Onone";
			};
			name = Debug;
		};
		F83BE2592068626B009B4F9D /* Release */ = {
			isa = XCBuildConfiguration;
			buildSettings = {
				ALWAYS_SEARCH_USER_PATHS = NO;
				CLANG_ANALYZER_NONNULL = YES;
				CLANG_ANALYZER_NUMBER_OBJECT_CONVERSION = YES_AGGRESSIVE;
				CLANG_CXX_LANGUAGE_STANDARD = "gnu++14";
				CLANG_CXX_LIBRARY = "libc++";
				CLANG_ENABLE_MODULES = YES;
				CLANG_ENABLE_OBJC_ARC = YES;
				CLANG_WARN_BLOCK_CAPTURE_AUTORELEASING = YES;
				CLANG_WARN_BOOL_CONVERSION = YES;
				CLANG_WARN_COMMA = YES;
				CLANG_WARN_CONSTANT_CONVERSION = YES;
				CLANG_WARN_DEPRECATED_OBJC_IMPLEMENTATIONS = YES;
				CLANG_WARN_DIRECT_OBJC_ISA_USAGE = YES_ERROR;
				CLANG_WARN_DOCUMENTATION_COMMENTS = YES;
				CLANG_WARN_EMPTY_BODY = YES;
				CLANG_WARN_ENUM_CONVERSION = YES;
				CLANG_WARN_INFINITE_RECURSION = YES;
				CLANG_WARN_INT_CONVERSION = YES;
				CLANG_WARN_NON_LITERAL_NULL_CONVERSION = YES;
				CLANG_WARN_OBJC_IMPLICIT_RETAIN_SELF = YES;
				CLANG_WARN_OBJC_LITERAL_CONVERSION = YES;
				CLANG_WARN_OBJC_ROOT_CLASS = YES_ERROR;
				CLANG_WARN_RANGE_LOOP_ANALYSIS = YES;
				CLANG_WARN_STRICT_PROTOTYPES = YES;
				CLANG_WARN_SUSPICIOUS_MOVE = YES;
				CLANG_WARN_UNGUARDED_AVAILABILITY = YES_AGGRESSIVE;
				CLANG_WARN_UNREACHABLE_CODE = YES;
				CLANG_WARN__DUPLICATE_METHOD_MATCH = YES;
				CODE_SIGN_IDENTITY = "iPhone Developer";
				COPY_PHASE_STRIP = NO;
				DEBUG_INFORMATION_FORMAT = "dwarf-with-dsym";
				ENABLE_NS_ASSERTIONS = NO;
				ENABLE_STRICT_OBJC_MSGSEND = YES;
				GCC_C_LANGUAGE_STANDARD = gnu11;
				GCC_NO_COMMON_BLOCKS = YES;
				GCC_WARN_64_TO_32_BIT_CONVERSION = YES;
				GCC_WARN_ABOUT_RETURN_TYPE = YES_ERROR;
				GCC_WARN_UNDECLARED_SELECTOR = YES;
				GCC_WARN_UNINITIALIZED_AUTOS = YES_AGGRESSIVE;
				GCC_WARN_UNUSED_FUNCTION = YES;
				GCC_WARN_UNUSED_VARIABLE = YES;
				IPHONEOS_DEPLOYMENT_TARGET = 11.2;
				MTL_ENABLE_DEBUG_INFO = NO;
				SDKROOT = iphoneos;
				SWIFT_OPTIMIZATION_LEVEL = "-Owholemodule";
				VALIDATE_PRODUCT = YES;
			};
			name = Release;
		};
		F83BE2632068626B009B4F9D /* Debug */ = {
			isa = XCBuildConfiguration;
			baseConfigurationReference = 1632AAE689B614BD350E4634 /* Pods-catchBus.debug.xcconfig */;
			buildSettings = {
				ASSETCATALOG_COMPILER_APPICON_NAME = AppIcon;
				CODE_SIGN_STYLE = Automatic;
				DEVELOPMENT_TEAM = 7XS83WMSPL;
				INFOPLIST_FILE = catchBus/Info.plist;
				IPHONEOS_DEPLOYMENT_TARGET = 11.4;
				LD_RUNPATH_SEARCH_PATHS = "$(inherited) @executable_path/Frameworks";
				PRODUCT_BUNDLE_IDENTIFIER = "Khadim-Mbaye.catchBus";
				PRODUCT_NAME = "$(TARGET_NAME)";
				SWIFT_VERSION = 4.0;
				TARGETED_DEVICE_FAMILY = 1;
			};
			name = Debug;
		};
		F83BE2642068626B009B4F9D /* Release */ = {
			isa = XCBuildConfiguration;
			baseConfigurationReference = 7F1743301390B5AA57724506 /* Pods-catchBus.release.xcconfig */;
			buildSettings = {
				ASSETCATALOG_COMPILER_APPICON_NAME = AppIcon;
				CODE_SIGN_STYLE = Automatic;
				DEVELOPMENT_TEAM = 7XS83WMSPL;
				INFOPLIST_FILE = catchBus/Info.plist;
				IPHONEOS_DEPLOYMENT_TARGET = 11.4;
				LD_RUNPATH_SEARCH_PATHS = "$(inherited) @executable_path/Frameworks";
				PRODUCT_BUNDLE_IDENTIFIER = "Khadim-Mbaye.catchBus";
				PRODUCT_NAME = "$(TARGET_NAME)";
				SWIFT_VERSION = 4.0;
				TARGETED_DEVICE_FAMILY = 1;
			};
			name = Release;
		};
/* End XCBuildConfiguration section */

/* Begin XCConfigurationList section */
		F83BE2232068626A009B4F9D /* Build configuration list for PBXProject "catchBus" */ = {
			isa = XCConfigurationList;
			buildConfigurations = (
				F83BE2582068626B009B4F9D /* Debug */,
				F83BE2592068626B009B4F9D /* Release */,
			);
			defaultConfigurationIsVisible = 0;
			defaultConfigurationName = Release;
		};
		F83BE2622068626B009B4F9D /* Build configuration list for PBXNativeTarget "catchBus" */ = {
			isa = XCConfigurationList;
			buildConfigurations = (
				F83BE2632068626B009B4F9D /* Debug */,
				F83BE2642068626B009B4F9D /* Release */,
			);
			defaultConfigurationIsVisible = 0;
			defaultConfigurationName = Release;
		};
/* End XCConfigurationList section */
	};
	rootObject = F83BE2202068626A009B4F9D /* Project object */;
}
